// !$*UTF8*$!
{
	archiveVersion = 1;
	classes = {
	};
	objectVersion = 50;
	objects = {

/* Begin PBXBuildFile section */
		CD3FCEBF240F1EF8000AFD7C /* AppDelegate.swift in Sources */ = {isa = PBXBuildFile; fileRef = CD3FCEBE240F1EF8000AFD7C /* AppDelegate.swift */; };
		CD3FCEC1240F1EF8000AFD7C /* SceneDelegate.swift in Sources */ = {isa = PBXBuildFile; fileRef = CD3FCEC0240F1EF8000AFD7C /* SceneDelegate.swift */; };
		CD3FCEC3240F1EF8000AFD7C /* ViewController.swift in Sources */ = {isa = PBXBuildFile; fileRef = CD3FCEC2240F1EF8000AFD7C /* ViewController.swift */; };
		CD3FCEC6240F1EF8000AFD7C /* Main.storyboard in Resources */ = {isa = PBXBuildFile; fileRef = CD3FCEC4240F1EF8000AFD7C /* Main.storyboard */; };
		CD3FCEC8240F1EFA000AFD7C /* Assets.xcassets in Resources */ = {isa = PBXBuildFile; fileRef = CD3FCEC7240F1EFA000AFD7C /* Assets.xcassets */; };
		CD3FCECB240F1EFA000AFD7C /* LaunchScreen.storyboard in Resources */ = {isa = PBXBuildFile; fileRef = CD3FCEC9240F1EFA000AFD7C /* LaunchScreen.storyboard */; };
		CD4065A9241069B7008AB2C3 /* compute_raymarch.metal in Sources */ = {isa = PBXBuildFile; fileRef = CD4065A8241069B7008AB2C3 /* compute_raymarch.metal */; };
/* End PBXBuildFile section */

/* Begin PBXFileReference section */
		CD3FCEBB240F1EF8000AFD7C /* raymarch_metal.app */ = {isa = PBXFileReference; explicitFileType = wrapper.application; includeInIndex = 0; path = raymarch_metal.app; sourceTree = BUILT_PRODUCTS_DIR; };
		CD3FCEBE240F1EF8000AFD7C /* AppDelegate.swift */ = {isa = PBXFileReference; lastKnownFileType = sourcecode.swift; path = AppDelegate.swift; sourceTree = "<group>"; };
		CD3FCEC0240F1EF8000AFD7C /* SceneDelegate.swift */ = {isa = PBXFileReference; lastKnownFileType = sourcecode.swift; path = SceneDelegate.swift; sourceTree = "<group>"; };
		CD3FCEC2240F1EF8000AFD7C /* ViewController.swift */ = {isa = PBXFileReference; lastKnownFileType = sourcecode.swift; path = ViewController.swift; sourceTree = "<group>"; };
		CD3FCEC5240F1EF8000AFD7C /* Base */ = {isa = PBXFileReference; lastKnownFileType = file.storyboard; name = Base; path = Base.lproj/Main.storyboard; sourceTree = "<group>"; };
		CD3FCEC7240F1EFA000AFD7C /* Assets.xcassets */ = {isa = PBXFileReference; lastKnownFileType = folder.assetcatalog; path = Assets.xcassets; sourceTree = "<group>"; };
		CD3FCECA240F1EFA000AFD7C /* Base */ = {isa = PBXFileReference; lastKnownFileType = file.storyboard; name = Base; path = Base.lproj/LaunchScreen.storyboard; sourceTree = "<group>"; };
		CD3FCECC240F1EFA000AFD7C /* Info.plist */ = {isa = PBXFileReference; lastKnownFileType = text.plist.xml; path = Info.plist; sourceTree = "<group>"; };
		CD4065A8241069B7008AB2C3 /* compute_raymarch.metal */ = {isa = PBXFileReference; lastKnownFileType = sourcecode.metal; path = compute_raymarch.metal; sourceTree = "<group>"; };
/* End PBXFileReference section */

/* Begin PBXFrameworksBuildPhase section */
		CD3FCEB8240F1EF8000AFD7C /* Frameworks */ = {
			isa = PBXFrameworksBuildPhase;
			buildActionMask = 2147483647;
			files = (
			);
			runOnlyForDeploymentPostprocessing = 0;
		};
/* End PBXFrameworksBuildPhase section */

/* Begin PBXGroup section */
		CD3FCEB2240F1EF8000AFD7C = {
			isa = PBXGroup;
			children = (
				CD3FCEBD240F1EF8000AFD7C /* raymarch_metal */,
				CD3FCEBC240F1EF8000AFD7C /* Products */,
			);
			sourceTree = "<group>";
		};
		CD3FCEBC240F1EF8000AFD7C /* Products */ = {
			isa = PBXGroup;
			children = (
				CD3FCEBB240F1EF8000AFD7C /* raymarch_metal.app */,
			);
			name = Products;
			sourceTree = "<group>";
		};
		CD3FCEBD240F1EF8000AFD7C /* raymarch_metal */ = {
			isa = PBXGroup;
			children = (
				CD3FCEBE240F1EF8000AFD7C /* AppDelegate.swift */,
				CD3FCEC0240F1EF8000AFD7C /* SceneDelegate.swift */,
				CD3FCEC2240F1EF8000AFD7C /* ViewController.swift */,
				CD3FCEC4240F1EF8000AFD7C /* Main.storyboard */,
				CD3FCEC7240F1EFA000AFD7C /* Assets.xcassets */,
				CD3FCEC9240F1EFA000AFD7C /* LaunchScreen.storyboard */,
				CD3FCECC240F1EFA000AFD7C /* Info.plist */,
				CD4065A8241069B7008AB2C3 /* compute_raymarch.metal */,
			);
			path = raymarch_metal;
			sourceTree = "<group>";
		};
/* End PBXGroup section */

/* Begin PBXNativeTarget section */
		CD3FCEBA240F1EF8000AFD7C /* raymarch_metal */ = {
			isa = PBXNativeTarget;
			buildConfigurationList = CD3FCECF240F1EFA000AFD7C /* Build configuration list for PBXNativeTarget "raymarch_metal" */;
			buildPhases = (
				CD3FCEB7240F1EF8000AFD7C /* Sources */,
				CD3FCEB8240F1EF8000AFD7C /* Frameworks */,
				CD3FCEB9240F1EF8000AFD7C /* Resources */,
			);
			buildRules = (
			);
			dependencies = (
			);
			name = raymarch_metal;
			productName = raymarch_metal;
			productReference = CD3FCEBB240F1EF8000AFD7C /* raymarch_metal.app */;
			productType = "com.apple.product-type.application";
		};
/* End PBXNativeTarget section */

/* Begin PBXProject section */
		CD3FCEB3240F1EF8000AFD7C /* Project object */ = {
			isa = PBXProject;
			attributes = {
				LastSwiftUpdateCheck = 1120;
				LastUpgradeCheck = 1120;
				ORGANIZATIONNAME = "Antonie Jovanoski";
				TargetAttributes = {
					CD3FCEBA240F1EF8000AFD7C = {
						CreatedOnToolsVersion = 11.2.1;
					};
				};
			};
			buildConfigurationList = CD3FCEB6240F1EF8000AFD7C /* Build configuration list for PBXProject "raymarch_metal" */;
			compatibilityVersion = "Xcode 9.3";
			developmentRegion = en;
			hasScannedForEncodings = 0;
			knownRegions = (
				en,
				Base,
			);
			mainGroup = CD3FCEB2240F1EF8000AFD7C;
			productRefGroup = CD3FCEBC240F1EF8000AFD7C /* Products */;
			projectDirPath = "";
			projectRoot = "";
			targets = (
				CD3FCEBA240F1EF8000AFD7C /* raymarch_metal */,
			);
		};
/* End PBXProject section */

/* Begin PBXResourcesBuildPhase section */
		CD3FCEB9240F1EF8000AFD7C /* Resources */ = {
			isa = PBXResourcesBuildPhase;
			buildActionMask = 2147483647;
			files = (
				CD3FCECB240F1EFA000AFD7C /* LaunchScreen.storyboard in Resources */,
				CD3FCEC8240F1EFA000AFD7C /* Assets.xcassets in Resources */,
				CD3FCEC6240F1EF8000AFD7C /* Main.storyboard in Resources */,
			);
			runOnlyForDeploymentPostprocessing = 0;
		};
/* End PBXResourcesBuildPhase section */

/* Begin PBXSourcesBuildPhase section */
		CD3FCEB7240F1EF8000AFD7C /* Sources */ = {
			isa = PBXSourcesBuildPhase;
			buildActionMask = 2147483647;
			files = (
				CD3FCEC3240F1EF8000AFD7C /* ViewController.swift in Sources */,
				CD3FCEBF240F1EF8000AFD7C /* AppDelegate.swift in Sources */,
				CD4065A9241069B7008AB2C3 /* compute_raymarch.metal in Sources */,
				CD3FCEC1240F1EF8000AFD7C /* SceneDelegate.swift in Sources */,
			);
			runOnlyForDeploymentPostprocessing = 0;
		};
/* End PBXSourcesBuildPhase section */

/* Begin PBXVariantGroup section */
		CD3FCEC4240F1EF8000AFD7C /* Main.storyboard */ = {
			isa = PBXVariantGroup;
			children = (
				CD3FCEC5240F1EF8000AFD7C /* Base */,
			);
			name = Main.storyboard;
			sourceTree = "<group>";
		};
		CD3FCEC9240F1EFA000AFD7C /* LaunchScreen.storyboard */ = {
			isa = PBXVariantGroup;
			children = (
				CD3FCECA240F1EFA000AFD7C /* Base */,
			);
			name = LaunchScreen.storyboard;
			sourceTree = "<group>";
		};
/* End PBXVariantGroup section */

/* Begin XCBuildConfiguration section */
		CD3FCECD240F1EFA000AFD7C /* Debug */ = {
			isa = XCBuildConfiguration;
			buildSettings = {
				ALWAYS_SEARCH_USER_PATHS = NO;
				CLANG_ANALYZER_NONNULL = YES;
				CLANG_ANALYZER_NUMBER_OBJECT_CONVERSION = YES_AGGRESSIVE;
				CLANG_CXX_LANGUAGE_STANDARD = "gnu++14";
				CLANG_CXX_LIBRARY = "libc++";
				CLANG_ENABLE_MODULES = YES;
				CLANG_ENABLE_OBJC_ARC = YES;
				CLANG_ENABLE_OBJC_WEAK = YES;
				CLANG_WARN_BLOCK_CAPTURE_AUTORELEASING = YES;
				CLANG_WARN_BOOL_CONVERSION = YES;
				CLANG_WARN_COMMA = YES;
				CLANG_WARN_CONSTANT_CONVERSION = YES;
				CLANG_WARN_DEPRECATED_OBJC_IMPLEMENTATIONS = YES;
				CLANG_WARN_DIRECT_OBJC_ISA_USAGE = YES_ERROR;
				CLANG_WARN_DOCUMENTATION_COMMENTS = YES;
				CLANG_WARN_EMPTY_BODY = YES;
				CLANG_WARN_ENUM_CONVERSION = YES;
				CLANG_WARN_INFINITE_RECURSION = YES;
				CLANG_WARN_INT_CONVERSION = YES;
				CLANG_WARN_NON_LITERAL_NULL_CONVERSION = YES;
				CLANG_WARN_OBJC_IMPLICIT_RETAIN_SELF = YES;
				CLANG_WARN_OBJC_LITERAL_CONVERSION = YES;
				CLANG_WARN_OBJC_ROOT_CLASS = YES_ERROR;
				CLANG_WARN_RANGE_LOOP_ANALYSIS = YES;
				CLANG_WARN_STRICT_PROTOTYPES = YES;
				CLANG_WARN_SUSPICIOUS_MOVE = YES;
				CLANG_WARN_UNGUARDED_AVAILABILITY = YES_AGGRESSIVE;
				CLANG_WARN_UNREACHABLE_CODE = YES;
				CLANG_WARN__DUPLICATE_METHOD_MATCH = YES;
				COPY_PHASE_STRIP = NO;
				DEBUG_INFORMATION_FORMAT = dwarf;
				ENABLE_STRICT_OBJC_MSGSEND = YES;
				ENABLE_TESTABILITY = YES;
				GCC_C_LANGUAGE_STANDARD = gnu11;
				GCC_DYNAMIC_NO_PIC = NO;
				GCC_NO_COMMON_BLOCKS = YES;
				GCC_OPTIMIZATION_LEVEL = 0;
				GCC_PREPROCESSOR_DEFINITIONS = (
					"DEBUG=1",
					"$(inherited)",
				);
				GCC_WARN_64_TO_32_BIT_CONVERSION = YES;
				GCC_WARN_ABOUT_RETURN_TYPE = YES_ERROR;
				GCC_WARN_UNDECLARED_SELECTOR = YES;
				GCC_WARN_UNINITIALIZED_AUTOS = YES_AGGRESSIVE;
				GCC_WARN_UNUSED_FUNCTION = YES;
				GCC_WARN_UNUSED_VARIABLE = YES;
				IPHONEOS_DEPLOYMENT_TARGET = 13.2;
				MTL_ENABLE_DEBUG_INFO = INCLUDE_SOURCE;
				MTL_FAST_MATH = YES;
				ONLY_ACTIVE_ARCH = YES;
				SDKROOT = iphoneos;
				SWIFT_ACTIVE_COMPILATION_CONDITIONS = DEBUG;
				SWIFT_OPTIMIZATION_LEVEL = "-Onone";
			};
			name = Debug;
		};
		CD3FCECE240F1EFA000AFD7C /* Release */ = {
			isa = XCBuildConfiguration;
			buildSettings = {
				ALWAYS_SEARCH_USER_PATHS = NO;
				CLANG_ANALYZER_NONNULL = YES;
				CLANG_ANALYZER_NUMBER_OBJECT_CONVERSION = YES_AGGRESSIVE;
				CLANG_CXX_LANGUAGE_STANDARD = "gnu++14";
				CLANG_CXX_LIBRARY = "libc++";
				CLANG_ENABLE_MODULES = YES;
				CLANG_ENABLE_OBJC_ARC = YES;
				CLANG_ENABLE_OBJC_WEAK = YES;
				CLANG_WARN_BLOCK_CAPTURE_AUTORELEASING = YES;
				CLANG_WARN_BOOL_CONVERSION = YES;
				CLANG_WARN_COMMA = YES;
				CLANG_WARN_CONSTANT_CONVERSION = YES;
				CLANG_WARN_DEPRECATED_OBJC_IMPLEMENTATIONS = YES;
				CLANG_WARN_DIRECT_OBJC_ISA_USAGE = YES_ERROR;
				CLANG_WARN_DOCUMENTATION_COMMENTS = YES;
				CLANG_WARN_EMPTY_BODY = YES;
				CLANG_WARN_ENUM_CONVERSION = YES;
				CLANG_WARN_INFINITE_RECURSION = YES;
				CLANG_WARN_INT_CONVERSION = YES;
				CLANG_WARN_NON_LITERAL_NULL_CONVERSION = YES;
				CLANG_WARN_OBJC_IMPLICIT_RETAIN_SELF = YES;
				CLANG_WARN_OBJC_LITERAL_CONVERSION = YES;
				CLANG_WARN_OBJC_ROOT_CLASS = YES_ERROR;
				CLANG_WARN_RANGE_LOOP_ANALYSIS = YES;
				CLANG_WARN_STRICT_PROTOTYPES = YES;
				CLANG_WARN_SUSPICIOUS_MOVE = YES;
				CLANG_WARN_UNGUARDED_AVAILABILITY = YES_AGGRESSIVE;
				CLANG_WARN_UNREACHABLE_CODE = YES;
				CLANG_WARN__DUPLICATE_METHOD_MATCH = YES;
				COPY_PHASE_STRIP = NO;
				DEBUG_INFORMATION_FORMAT = "dwarf-with-dsym";
				ENABLE_NS_ASSERTIONS = NO;
				ENABLE_STRICT_OBJC_MSGSEND = YES;
				GCC_C_LANGUAGE_STANDARD = gnu11;
				GCC_NO_COMMON_BLOCKS = YES;
				GCC_WARN_64_TO_32_BIT_CONVERSION = YES;
				GCC_WARN_ABOUT_RETURN_TYPE = YES_ERROR;
				GCC_WARN_UNDECLARED_SELECTOR = YES;
				GCC_WARN_UNINITIALIZED_AUTOS = YES_AGGRESSIVE;
				GCC_WARN_UNUSED_FUNCTION = YES;
				GCC_WARN_UNUSED_VARIABLE = YES;
				IPHONEOS_DEPLOYMENT_TARGET = 13.2;
				MTL_ENABLE_DEBUG_INFO = NO;
				MTL_FAST_MATH = YES;
				SDKROOT = iphoneos;
				SWIFT_COMPILATION_MODE = wholemodule;
				SWIFT_OPTIMIZATION_LEVEL = "-O";
				VALIDATE_PRODUCT = YES;
			};
			name = Release;
		};
		CD3FCED0240F1EFA000AFD7C /* Debug */ = {
			isa = XCBuildConfiguration;
			buildSettings = {
				ASSETCATALOG_COMPILER_APPICON_NAME = AppIcon;
				CODE_SIGN_STYLE = Automatic;
				DEVELOPMENT_TEAM = 9XA2D6V342;
				INFOPLIST_FILE = raymarch_metal/Info.plist;
				LD_RUNPATH_SEARCH_PATHS = (
					"$(inherited)",
					"@executable_path/Frameworks",
				);
				PRODUCT_BUNDLE_IDENTIFIER = "antonie.jovanoski.raymarch-metal";
				PRODUCT_NAME = "$(TARGET_NAME)";
				SWIFT_VERSION = 5.0;
				TARGETED_DEVICE_FAMILY = "1,2";
			};
			name = Debug;
		};
		CD3FCED1240F1EFA000AFD7C /* Release */ = {
			isa = XCBuildConfiguration;
			buildSettings = {
				ASSETCATALOG_COMPILER_APPICON_NAME = AppIcon;
				CODE_SIGN_STYLE = Automatic;
				DEVELOPMENT_TEAM = 9XA2D6V342;
				INFOPLIST_FILE = raymarch_metal/Info.plist;
				LD_RUNPATH_SEARCH_PATHS = (
					"$(inherited)",
					"@executable_path/Frameworks",
				);
				PRODUCT_BUNDLE_IDENTIFIER = "antonie.jovanoski.raymarch-metal";
				PRODUCT_NAME = "$(TARGET_NAME)";
				SWIFT_VERSION = 5.0;
				TARGETED_DEVICE_FAMILY = "1,2";
			};
			name = Release;
		};
/* End XCBuildConfiguration section */

/* Begin XCConfigurationList section */
		CD3FCEB6240F1EF8000AFD7C /* Build configuration list for PBXProject "raymarch_metal" */ = {
			isa = XCConfigurationList;
			buildConfigurations = (
				CD3FCECD240F1EFA000AFD7C /* Debug */,
				CD3FCECE240F1EFA000AFD7C /* Release */,
			);
			defaultConfigurationIsVisible = 0;
			defaultConfigurationName = Release;
		};
		CD3FCECF240F1EFA000AFD7C /* Build configuration list for PBXNativeTarget "raymarch_metal" */ = {
			isa = XCConfigurationList;
			buildConfigurations = (
				CD3FCED0240F1EFA000AFD7C /* Debug */,
				CD3FCED1240F1EFA000AFD7C /* Release */,
			);
			defaultConfigurationIsVisible = 0;
			defaultConfigurationName = Release;
		};
/* End XCConfigurationList section */
	};
	rootObject = CD3FCEB3240F1EF8000AFD7C /* Project object */;
}
